
Microsoft Visual Studio Solution File, Format Version 12.00
# Visual Studio Version 17
VisualStudioVersion = 17.5.33424.131
MinimumVisualStudioVersion = 10.0.40219.1
Project("{9A19103F-16F7-4668-BE54-9A1E7A4F7556}") = "Factory", "Factory\Factory.csproj", "{D27A576D-F674-4C9B-A37D-6174AF9825E9}"
EndProject
Project("{9A19103F-16F7-4668-BE54-9A1E7A4F7556}") = "Flyweight", "Flyweight\Flyweight.csproj", "{66F63CD9-AE97-4059-8733-AEEC61613304}"
EndProject
Project("{FAE04EC0-301F-11D3-BF4B-00C04F79EFBC}") = "Memento", "Memento\Memento.csproj", "{89311C28-E6D7-4800-9B30-0656D935BD88}"
EndProject
Global
	GlobalSection(SolutionConfigurationPlatforms) = preSolution
		Debug|Any CPU = Debug|Any CPU
		Release|Any CPU = Release|Any CPU
	EndGlobalSection
	GlobalSection(ProjectConfigurationPlatforms) = postSolution
		{D27A576D-F674-4C9B-A37D-6174AF9825E9}.Debug|Any CPU.ActiveCfg = Debug|Any CPU
		{D27A576D-F674-4C9B-A37D-6174AF9825E9}.Debug|Any CPU.Build.0 = Debug|Any CPU
		{D27A576D-F674-4C9B-A37D-6174AF9825E9}.Release|Any CPU.ActiveCfg = Release|Any CPU
		{D27A576D-F674-4C9B-A37D-6174AF9825E9}.Release|Any CPU.Build.0 = Release|Any CPU
		{66F63CD9-AE97-4059-8733-AEEC61613304}.Debug|Any CPU.ActiveCfg = Debug|Any CPU
		{66F63CD9-AE97-4059-8733-AEEC61613304}.Debug|Any CPU.Build.0 = Debug|Any CPU
		{66F63CD9-AE97-4059-8733-AEEC61613304}.Release|Any CPU.ActiveCfg = Release|Any CPU
		{66F63CD9-AE97-4059-8733-AEEC61613304}.Release|Any CPU.Build.0 = Release|Any CPU
		{89311C28-E6D7-4800-9B30-0656D935BD88}.Debug|Any CPU.ActiveCfg = Debug|Any CPU
		{89311C28-E6D7-4800-9B30-0656D935BD88}.Debug|Any CPU.Build.0 = Debug|Any CPU
		{89311C28-E6D7-4800-9B30-0656D935BD88}.Release|Any CPU.ActiveCfg = Release|Any CPU
		{89311C28-E6D7-4800-9B30-0656D935BD88}.Release|Any CPU.Build.0 = Release|Any CPU
	EndGlobalSection
	GlobalSection(SolutionProperties) = preSolution
		HideSolutionNode = FALSE
	EndGlobalSection
	GlobalSection(ExtensibilityGlobals) = postSolution
		SolutionGuid = {33D52B85-65A5-499B-A7FF-20ADB5DD5C01}
	EndGlobalSection
EndGlobal
